
Microsoft Visual Studio Solution File, Format Version 12.00
# Visual Studio 15
VisualStudioVersion = 15.0.27703.2042
MinimumVisualStudioVersion = 10.0.40219.1
Project("{FAE04EC0-301F-11D3-BF4B-00C04F79EFBC}") = "20190304_Theory", "20190304_Theory\20190304_Theory.csproj", "{71B170C9-1E1D-4EAF-A0EF-A29060049AF7}"
EndProject
Project("{FAE04EC0-301F-11D3-BF4B-00C04F79EFBC}") = "Practice", "Practice\Practice.csproj", "{0824A42B-BD49-4E52-AF67-61EF89336823}"
EndProject
Project("{FAE04EC0-301F-11D3-BF4B-00C04F79EFBC}") = "Fibbonachi", "Fibbonachi\Fibbonachi.csproj", "{9377EE83-FB19-435D-B871-42F105344AA8}"
EndProject
Project("{FAE04EC0-301F-11D3-BF4B-00C04F79EFBC}") = "SumOFTwoNumbers", "SumOFTwoNumbers\SumOFTwoNumbers.csproj", "{21DF8835-BC50-4112-A811-3E8653387FCE}"
EndProject
Global
	GlobalSection(SolutionConfigurationPlatforms) = preSolution
		Debug|Any CPU = Debug|Any CPU
		Release|Any CPU = Release|Any CPU
	EndGlobalSection
	GlobalSection(ProjectConfigurationPlatforms) = postSolution
		{71B170C9-1E1D-4EAF-A0EF-A29060049AF7}.Debug|Any CPU.ActiveCfg = Debug|Any CPU
		{71B170C9-1E1D-4EAF-A0EF-A29060049AF7}.Debug|Any CPU.Build.0 = Debug|Any CPU
		{71B170C9-1E1D-4EAF-A0EF-A29060049AF7}.Release|Any CPU.ActiveCfg = Release|Any CPU
		{71B170C9-1E1D-4EAF-A0EF-A29060049AF7}.Release|Any CPU.Build.0 = Release|Any CPU
		{0824A42B-BD49-4E52-AF67-61EF89336823}.Debug|Any CPU.ActiveCfg = Debug|Any CPU
		{0824A42B-BD49-4E52-AF67-61EF89336823}.Debug|Any CPU.Build.0 = Debug|Any CPU
		{0824A42B-BD49-4E52-AF67-61EF89336823}.Release|Any CPU.ActiveCfg = Release|Any CPU
		{0824A42B-BD49-4E52-AF67-61EF89336823}.Release|Any CPU.Build.0 = Release|Any CPU
		{9377EE83-FB19-435D-B871-42F105344AA8}.Debug|Any CPU.ActiveCfg = Debug|Any CPU
		{9377EE83-FB19-435D-B871-42F105344AA8}.Debug|Any CPU.Build.0 = Debug|Any CPU
		{9377EE83-FB19-435D-B871-42F105344AA8}.Release|Any CPU.ActiveCfg = Release|Any CPU
		{9377EE83-FB19-435D-B871-42F105344AA8}.Release|Any CPU.Build.0 = Release|Any CPU
		{21DF8835-BC50-4112-A811-3E8653387FCE}.Debug|Any CPU.ActiveCfg = Debug|Any CPU
		{21DF8835-BC50-4112-A811-3E8653387FCE}.Debug|Any CPU.Build.0 = Debug|Any CPU
		{21DF8835-BC50-4112-A811-3E8653387FCE}.Release|Any CPU.ActiveCfg = Release|Any CPU
		{21DF8835-BC50-4112-A811-3E8653387FCE}.Release|Any CPU.Build.0 = Release|Any CPU
	EndGlobalSection
	GlobalSection(SolutionProperties) = preSolution
		HideSolutionNode = FALSE
	EndGlobalSection
	GlobalSection(ExtensibilityGlobals) = postSolution
		SolutionGuid = {0D7C61DF-3823-48D2-B4D5-18FE722F6A54}
	EndGlobalSection
EndGlobal
